
Microsoft Visual Studio Solution File, Format Version 12.00
# Visual Studio Version 17
VisualStudioVersion = 17.5.002.0
MinimumVisualStudioVersion = 10.0.40219.1
Project("{9A19103F-16F7-4668-BE54-9A1E7A4F7556}") = "zoo_visit", "zoo_visit.csproj", "{709FCA33-E272-484B-87FD-01107A74E013}"
EndProject
Global
	GlobalSection(SolutionConfigurationPlatforms) = preSolution
		Debug|Any CPU = Debug|Any CPU
		Release|Any CPU = Release|Any CPU
	EndGlobalSection
	GlobalSection(ProjectConfigurationPlatforms) = postSolution
		{709FCA33-E272-484B-87FD-01107A74E013}.Debug|Any CPU.ActiveCfg = Debug|Any CPU
		{709FCA33-E272-484B-87FD-01107A74E013}.Debug|Any CPU.Build.0 = Debug|Any CPU
		{709FCA33-E272-484B-87FD-01107A74E013}.Release|Any CPU.ActiveCfg = Release|Any CPU
		{709FCA33-E272-484B-87FD-01107A74E013}.Release|Any CPU.Build.0 = Release|Any CPU
	EndGlobalSection
	GlobalSection(SolutionProperties) = preSolution
		HideSolutionNode = FALSE
	EndGlobalSection
	GlobalSection(ExtensibilityGlobals) = postSolution
		SolutionGuid = {3D745A13-38F3-438B-9263-18A5C6E9EB4B}
	EndGlobalSection
EndGlobal
